{
  "name": "LYL-bot",
  "lockfileVersion": 2,
  "requires": true,
  "packages": {
    "": {
      "dependencies": {
        "qq-guild-bot": "^2.8.1"
      }
    },
    "node_modules/axios": {
      "version": "0.26.0",
      "resolved": "https://mirrors.tencent.com/npm/axios/-/axios-0.26.0.tgz",
      "integrity": "sha512-lKoGLMYtHvFrPVt3r+RBMp9nh34N0M8zEfCWqdWZx6phynIEhQqAdydpyBAAG211zlhX9Rgu08cOamy6XjE5Og==",
      "license": "MIT",
      "dependencies": {
        "follow-redirects": "^1.14.8"
      }
    },
    "node_modules/follow-redirects": {
      "version": "1.14.8",
      "resolved": "https://mirrors.tencent.com/npm/follow-redirects/-/follow-redirects-1.14.8.tgz",
      "integrity": "sha512-1x0S9UVJHsQprFcEC/qnNzBLcIxsjAV905f/UkQxbclCsoTWlacCNOpQa/anodLl2uaEKFhfWOvM2Qg77+15zA==",
      "funding": [
        {
          "type": "individual",
          "url": "https://github.com/sponsors/RubenVerborgh"
        }
      ],
      "license": "MIT",
      "engines": {
        "node": ">=4.0"
      },
      "peerDependenciesMeta": {
        "debug": {
          "optional": true
        }
      }
    },
    "node_modules/qq-guild-bot": {
      "version": "2.8.1",
      "resolved": "https://mirrors.tencent.com/npm/qq-guild-bot/-/qq-guild-bot-2.8.1.tgz",
      "integrity": "sha512-+egd0IfeatCcuPvON7FUQbl5hhHmL/7DFkeXHGQcjp1KDZPgFgMZuod4rEkfPN4FNPsAuTZ7yNL53n9TZQYL6w==",
      "license": "MIT",
      "dependencies": {
        "resty-client": "0.0.5",
        "ws": "^7.4.4"
      }
    },
    "node_modules/resty-client": {
      "version": "0.0.5",
      "resolved": "https://mirrors.tencent.com/npm/resty-client/-/resty-client-0.0.5.tgz",
      "integrity": "sha512-uMaqtdPv1jHM5c9aJenXNGY5IZvGlhdNs7H6FNWIPTUT+pstWlrYTaR0CTp0PkcYaCQ4BiCLlEpx+EdF+Eo1iQ==",
      "license": "MIT",
      "dependencies": {
        "axios": ">=0.21.1"
      }
    },
    "node_modules/ws": {
      "version": "7.5.7",
      "resolved": "https://mirrors.tencent.com/npm/ws/-/ws-7.5.7.tgz",
      "integrity": "sha512-KMvVuFzpKBuiIXW3E4u3mySRO2/mCHSyZDJQM5NQ9Q9KHWHWh0NHgfbRMLLrceUK5qAL4ytALJbpRMjixFZh8A==",
      "license": "MIT",
      "engines": {
        "node": ">=8.3.0"
      },
      "peerDependencies": {
        "bufferutil": "^4.0.1",
        "utf-8-validate": "^5.0.2"
      },
      "peerDependenciesMeta": {
        "bufferutil": {
          "optional": true
        },
        "utf-8-validate": {
          "optional": true
        }
      }
    }
  },
  "dependencies": {
    "axios": {
      "version": "0.26.0",
      "resolved": "https://mirrors.tencent.com/npm/axios/-/axios-0.26.0.tgz",
      "integrity": "sha512-lKoGLMYtHvFrPVt3r+RBMp9nh34N0M8zEfCWqdWZx6phynIEhQqAdydpyBAAG211zlhX9Rgu08cOamy6XjE5Og==",
      "requires": {
        "follow-redirects": "^1.14.8"
      }
    },
    "follow-redirects": {
      "version": "1.14.8",
      "resolved": "https://mirrors.tencent.com/npm/follow-redirects/-/follow-redirects-1.14.8.tgz",
      "integrity": "sha512-1x0S9UVJHsQprFcEC/qnNzBLcIxsjAV905f/UkQxbclCsoTWlacCNOpQa/anodLl2uaEKFhfWOvM2Qg77+15zA=="
    },
    "qq-guild-bot": {
      "version": "2.8.1",
      "resolved": "https://mirrors.tencent.com/npm/qq-guild-bot/-/qq-guild-bot-2.8.1.tgz",
      "integrity": "sha512-+egd0IfeatCcuPvON7FUQbl5hhHmL/7DFkeXHGQcjp1KDZPgFgMZuod4rEkfPN4FNPsAuTZ7yNL53n9TZQYL6w==",
      "requires": {
        "resty-client": "0.0.5",
        "ws": "^7.4.4"
      }
    },
    "resty-client": {
      "version": "0.0.5",
      "resolved": "https://mirrors.tencent.com/npm/resty-client/-/resty-client-0.0.5.tgz",
      "integrity": "sha512-uMaqtdPv1jHM5c9aJenXNGY5IZvGlhdNs7H6FNWIPTUT+pstWlrYTaR0CTp0PkcYaCQ4BiCLlEpx+EdF+Eo1iQ==",
      "requires": {
        "axios": ">=0.21.1"
      }
    },
    "ws": {
      "version": "7.5.7",
      "resolved": "https://mirrors.tencent.com/npm/ws/-/ws-7.5.7.tgz",
      "integrity": "sha512-KMvVuFzpKBuiIXW3E4u3mySRO2/mCHSyZDJQM5NQ9Q9KHWHWh0NHgfbRMLLrceUK5qAL4ytALJbpRMjixFZh8A==",
      "requires": {}
    }
  }
}
